{
  "nodes": {
    "emacs-overlay": {
      "locked": {
        "lastModified": 1613003197,
        "narHash": "sha256-LA7WQ5QTONZzWxxVIb/d413wWvPSmS4XLvhLsnsZ1Ho=",
        "owner": "nix-community",
        "repo": "emacs-overlay",
        "rev": "e86b0f6d38f29e3b27032977db4f431e2f9d1a9b",
        "type": "github"
      },
      "original": {
        "owner": "nix-community",
        "repo": "emacs-overlay",
        "type": "github"
      }
    },
    "home-manager": {
      "inputs": {
        "nixpkgs": [
          "nixpkgs"
        ]
      },
      "locked": {
        "lastModified": 1612902587,
        "narHash": "sha256-VZ7Z1OMFf5ReObu3CCVBsC2DWloTYDjqW1onUKejVrE=",
        "owner": "nix-community",
        "repo": "home-manager",
        "rev": "209566c752c4428c7692c134731971193f06b37c",
        "type": "github"
      },
      "original": {
        "owner": "nix-community",
        "ref": "release-20.09",
        "repo": "home-manager",
        "type": "github"
      }
    },
    "nixos-hardware": {
      "locked": {
        "lastModified": 1607254103,
        "narHash": "sha256-oU+aVtY3vIY0hGNUJM5RKdhx6ipuFDdn3farszfys/0=",
        "owner": "nixos",
        "repo": "nixos-hardware",
        "rev": "87522b29a276a4cab5718e5309aa7d74bc7de75a",
        "type": "github"
      },
      "original": {
        "owner": "nixos",
        "repo": "nixos-hardware",
        "type": "github"
      }
    },
    "nixpkgs": {
      "locked": {
        "narHash": "sha256-y9OKMQFWaULQgsEl2Otr5qfZCQrcVVtDAXwn5FR3dCM=",
        "type": "tarball",
        "url": "https://mirrors.ustc.edu.cn/nix-channels/nixos-20.09/nixexprs.tar.xz"
      },
      "original": {
        "type": "tarball",
        "url": "https://mirrors.ustc.edu.cn/nix-channels/nixos-20.09/nixexprs.tar.xz"
      }
    },
    "nixpkgs-unstable": {
      "locked": {
        "lastModified": 1613044423,
        "narHash": "sha256-RObdiLMhjKB71n2nM0OV2jdk3E6bkJc/ApZPwddTPKo=",
        "owner": "NixOS",
        "repo": "nixpkgs",
        "rev": "65aeed59c52c572eccdf9237ce45d9fb0fd18b91",
        "type": "github"
      },
      "original": {
        "id": "nixpkgs",
        "ref": "master",
        "type": "indirect"
      }
    },
    "root": {
      "inputs": {
        "emacs-overlay": "emacs-overlay",
        "home-manager": "home-manager",
        "nixos-hardware": "nixos-hardware",
        "nixpkgs": "nixpkgs",
        "nixpkgs-unstable": "nixpkgs-unstable"
      }
    }
  },
  "root": "root",
  "version": 7
}
